
Microsoft Visual Studio Solution File, Format Version 12.00
# Visual Studio Version 17
VisualStudioVersion = 17.5.2.0
MinimumVisualStudioVersion = 10.0.40219.1
Project("{FAE04EC0-301F-11D3-BF4B-00C04F79EFBC}") = "App", "App\App.csproj", "{A9E1710F-9A45-44F1-BCA4-5709F2992574}"
EndProject
Project("{FAE04EC0-301F-11D3-BF4B-00C04F79EFBC}") = "Adapter", "Adapter\Adapter.csproj", "{60A4DAEA-E0AD-4580-B137-0F97E2124013}"
EndProject
Project("{FAE04EC0-301F-11D3-BF4B-00C04F79EFBC}") = "Bridge", "Bridge\Bridge.csproj", "{BE028766-BCA0-4247-A790-F580423B5D90}"
EndProject
Project("{FAE04EC0-301F-11D3-BF4B-00C04F79EFBC}") = "Composite", "Composite\Composite.csproj", "{0D351D26-9E78-46E5-BF8F-AF9ED3168F6C}"
EndProject
Project("{FAE04EC0-301F-11D3-BF4B-00C04F79EFBC}") = "Decorator", "Decorator\Decorator.csproj", "{72DF4F6C-258A-4A1D-BCF3-EF8A70A3DC6A}"
EndProject
Global
	GlobalSection(SolutionConfigurationPlatforms) = preSolution
		Debug|Any CPU = Debug|Any CPU
		Debug|x64 = Debug|x64
		Debug|x86 = Debug|x86
		Release|Any CPU = Release|Any CPU
		Release|x64 = Release|x64
		Release|x86 = Release|x86
	EndGlobalSection
	GlobalSection(ProjectConfigurationPlatforms) = postSolution
		{A9E1710F-9A45-44F1-BCA4-5709F2992574}.Debug|Any CPU.ActiveCfg = Debug|Any CPU
		{A9E1710F-9A45-44F1-BCA4-5709F2992574}.Debug|Any CPU.Build.0 = Debug|Any CPU
		{A9E1710F-9A45-44F1-BCA4-5709F2992574}.Debug|x64.ActiveCfg = Debug|Any CPU
		{A9E1710F-9A45-44F1-BCA4-5709F2992574}.Debug|x64.Build.0 = Debug|Any CPU
		{A9E1710F-9A45-44F1-BCA4-5709F2992574}.Debug|x86.ActiveCfg = Debug|Any CPU
		{A9E1710F-9A45-44F1-BCA4-5709F2992574}.Debug|x86.Build.0 = Debug|Any CPU
		{A9E1710F-9A45-44F1-BCA4-5709F2992574}.Release|Any CPU.ActiveCfg = Release|Any CPU
		{A9E1710F-9A45-44F1-BCA4-5709F2992574}.Release|Any CPU.Build.0 = Release|Any CPU
		{A9E1710F-9A45-44F1-BCA4-5709F2992574}.Release|x64.ActiveCfg = Release|Any CPU
		{A9E1710F-9A45-44F1-BCA4-5709F2992574}.Release|x64.Build.0 = Release|Any CPU
		{A9E1710F-9A45-44F1-BCA4-5709F2992574}.Release|x86.ActiveCfg = Release|Any CPU
		{A9E1710F-9A45-44F1-BCA4-5709F2992574}.Release|x86.Build.0 = Release|Any CPU
		{60A4DAEA-E0AD-4580-B137-0F97E2124013}.Debug|Any CPU.ActiveCfg = Debug|Any CPU
		{60A4DAEA-E0AD-4580-B137-0F97E2124013}.Debug|Any CPU.Build.0 = Debug|Any CPU
		{60A4DAEA-E0AD-4580-B137-0F97E2124013}.Debug|x64.ActiveCfg = Debug|Any CPU
		{60A4DAEA-E0AD-4580-B137-0F97E2124013}.Debug|x64.Build.0 = Debug|Any CPU
		{60A4DAEA-E0AD-4580-B137-0F97E2124013}.Debug|x86.ActiveCfg = Debug|Any CPU
		{60A4DAEA-E0AD-4580-B137-0F97E2124013}.Debug|x86.Build.0 = Debug|Any CPU
		{60A4DAEA-E0AD-4580-B137-0F97E2124013}.Release|Any CPU.ActiveCfg = Release|Any CPU
		{60A4DAEA-E0AD-4580-B137-0F97E2124013}.Release|Any CPU.Build.0 = Release|Any CPU
		{60A4DAEA-E0AD-4580-B137-0F97E2124013}.Release|x64.ActiveCfg = Release|Any CPU
		{60A4DAEA-E0AD-4580-B137-0F97E2124013}.Release|x64.Build.0 = Release|Any CPU
		{60A4DAEA-E0AD-4580-B137-0F97E2124013}.Release|x86.ActiveCfg = Release|Any CPU
		{60A4DAEA-E0AD-4580-B137-0F97E2124013}.Release|x86.Build.0 = Release|Any CPU
		{BE028766-BCA0-4247-A790-F580423B5D90}.Debug|Any CPU.ActiveCfg = Debug|Any CPU
		{BE028766-BCA0-4247-A790-F580423B5D90}.Debug|Any CPU.Build.0 = Debug|Any CPU
		{BE028766-BCA0-4247-A790-F580423B5D90}.Debug|x64.ActiveCfg = Debug|Any CPU
		{BE028766-BCA0-4247-A790-F580423B5D90}.Debug|x64.Build.0 = Debug|Any CPU
		{BE028766-BCA0-4247-A790-F580423B5D90}.Debug|x86.ActiveCfg = Debug|Any CPU
		{BE028766-BCA0-4247-A790-F580423B5D90}.Debug|x86.Build.0 = Debug|Any CPU
		{BE028766-BCA0-4247-A790-F580423B5D90}.Release|Any CPU.ActiveCfg = Release|Any CPU
		{BE028766-BCA0-4247-A790-F580423B5D90}.Release|Any CPU.Build.0 = Release|Any CPU
		{BE028766-BCA0-4247-A790-F580423B5D90}.Release|x64.ActiveCfg = Release|Any CPU
		{BE028766-BCA0-4247-A790-F580423B5D90}.Release|x64.Build.0 = Release|Any CPU
		{BE028766-BCA0-4247-A790-F580423B5D90}.Release|x86.ActiveCfg = Release|Any CPU
		{BE028766-BCA0-4247-A790-F580423B5D90}.Release|x86.Build.0 = Release|Any CPU
		{0D351D26-9E78-46E5-BF8F-AF9ED3168F6C}.Debug|Any CPU.ActiveCfg = Debug|Any CPU
		{0D351D26-9E78-46E5-BF8F-AF9ED3168F6C}.Debug|Any CPU.Build.0 = Debug|Any CPU
		{0D351D26-9E78-46E5-BF8F-AF9ED3168F6C}.Debug|x64.ActiveCfg = Debug|Any CPU
		{0D351D26-9E78-46E5-BF8F-AF9ED3168F6C}.Debug|x64.Build.0 = Debug|Any CPU
		{0D351D26-9E78-46E5-BF8F-AF9ED3168F6C}.Debug|x86.ActiveCfg = Debug|Any CPU
		{0D351D26-9E78-46E5-BF8F-AF9ED3168F6C}.Debug|x86.Build.0 = Debug|Any CPU
		{0D351D26-9E78-46E5-BF8F-AF9ED3168F6C}.Release|Any CPU.ActiveCfg = Release|Any CPU
		{0D351D26-9E78-46E5-BF8F-AF9ED3168F6C}.Release|Any CPU.Build.0 = Release|Any CPU
		{0D351D26-9E78-46E5-BF8F-AF9ED3168F6C}.Release|x64.ActiveCfg = Release|Any CPU
		{0D351D26-9E78-46E5-BF8F-AF9ED3168F6C}.Release|x64.Build.0 = Release|Any CPU
		{0D351D26-9E78-46E5-BF8F-AF9ED3168F6C}.Release|x86.ActiveCfg = Release|Any CPU
		{0D351D26-9E78-46E5-BF8F-AF9ED3168F6C}.Release|x86.Build.0 = Release|Any CPU
		{72DF4F6C-258A-4A1D-BCF3-EF8A70A3DC6A}.Debug|Any CPU.ActiveCfg = Debug|Any CPU
		{72DF4F6C-258A-4A1D-BCF3-EF8A70A3DC6A}.Debug|Any CPU.Build.0 = Debug|Any CPU
		{72DF4F6C-258A-4A1D-BCF3-EF8A70A3DC6A}.Debug|x64.ActiveCfg = Debug|Any CPU
		{72DF4F6C-258A-4A1D-BCF3-EF8A70A3DC6A}.Debug|x64.Build.0 = Debug|Any CPU
		{72DF4F6C-258A-4A1D-BCF3-EF8A70A3DC6A}.Debug|x86.ActiveCfg = Debug|Any CPU
		{72DF4F6C-258A-4A1D-BCF3-EF8A70A3DC6A}.Debug|x86.Build.0 = Debug|Any CPU
		{72DF4F6C-258A-4A1D-BCF3-EF8A70A3DC6A}.Release|Any CPU.ActiveCfg = Release|Any CPU
		{72DF4F6C-258A-4A1D-BCF3-EF8A70A3DC6A}.Release|Any CPU.Build.0 = Release|Any CPU
		{72DF4F6C-258A-4A1D-BCF3-EF8A70A3DC6A}.Release|x64.ActiveCfg = Release|Any CPU
		{72DF4F6C-258A-4A1D-BCF3-EF8A70A3DC6A}.Release|x64.Build.0 = Release|Any CPU
		{72DF4F6C-258A-4A1D-BCF3-EF8A70A3DC6A}.Release|x86.ActiveCfg = Release|Any CPU
		{72DF4F6C-258A-4A1D-BCF3-EF8A70A3DC6A}.Release|x86.Build.0 = Release|Any CPU
	EndGlobalSection
	GlobalSection(SolutionProperties) = preSolution
		HideSolutionNode = FALSE
	EndGlobalSection
	GlobalSection(ExtensibilityGlobals) = postSolution
		SolutionGuid = {7D609EC4-4077-407F-9133-BDB8FB2AC9D1}
	EndGlobalSection
EndGlobal
